{
  "name": "RNLongPress",
  "version": "0.0.1",
  "lockfileVersion": 1,
  "requires": true,
  "dependencies": {
    "react-native-audio": {
      "version": "4.1.3",
      "resolved": "http://registry.npm.taobao.org/react-native-audio/download/react-native-audio-4.1.3.tgz",
      "integrity": "sha1-yrQXA0GfV8bU3pxr/Sf4/FSkrK8="
    },
    "react-native-sound": {
      "version": "0.10.9",
      "resolved": "http://registry.npm.taobao.org/react-native-sound/download/react-native-sound-0.10.9.tgz",
      "integrity": "sha1-awCw9K/QF83gn7udFx3xtdW4Uag="
    }
  }
}
